github.com/bdeleonardis1/eventtest v0.0.0-20210413191302-65a831e9461b h1:zB+/3UF460SWTMkN1HEh7raAvZ5H2mh3sKtciSoJb/A=
github.com/bdeleonardis1/eventtest v0.0.0-20210413191302-65a831e9461b/go.mod h1:rmuDazGuLyYPmVFosV9D9NBpbsw7fuIQQX6ZcNFuWnQ=
github.com/bdeleonardis1/eventtest v0.0.0-20210413200812-ae6466335e5e h1:xWqSswYCW8sqVhQMSiPhNXkrwpSA/qr5k+RMus32rZI=
github.com/bdeleonardis1/eventtest v0.0.0-20210413200812-ae6466335e5e/go.mod h1:rmuDazGuLyYPmVFosV9D9NBpbsw7fuIQQX6ZcNFuWnQ=
github.com/bdeleonardis1/eventtest v0.0.0-20210413202714-608df2b5fda2 h1:nv28n9Dx3YrdkgzN7NhEg+9BbAJHK33YU/wThwMs648=
github.com/bdeleonardis1/eventtest v0.0.0-20210413202714-608df2b5fda2/go.mod h1:rmuDazGuLyYPmVFosV9D9NBpbsw7fuIQQX6ZcNFuWnQ=
github.com/bdeleonardis1/eventtest v0.0.0-20210413203255-c0d93c3ed0b4 h1:HmlJ5YCPq9VBa/K77hBuNO/nb0LkJO9FcWJ7uaTlcis=
github.com/bdeleonardis1/eventtest v0.0.0-20210413203255-c0d93c3ed0b4/go.mod h1:rmuDazGuLyYPmVFosV9D9NBpbsw7fuIQQX6ZcNFuWnQ=
github.com/bdeleonardis1/eventtest v0.0.0-20210413203541-84f1a8a8d372 h1:qqRLGPPzZhCX5Snre2K0O77ZhCOUkJItbXlKwH5twFI=
github.com/bdeleonardis1/eventtest v0.0.0-20210413203541-84f1a8a8d372/go.mod h1:rmuDazGuLyYPmVFosV9D9NBpbsw7fuIQQX6ZcNFuWnQ=
github.com/bdeleonardis1/eventtest v0.0.0-20210413204217-2544649249b4 h1:BHqqrqwaluA9zn5ybYXElZJQ3ldcxQ3epCGyUvDkO+s=
github.com/bdeleonardis1/eventtest v0.0.0-20210413204217-2544649249b4/go.mod h1:rmuDazGuLyYPmVFosV9D9NBpbsw7fuIQQX6ZcNFuWnQ=
github.com/bdeleonardis1/eventtest v0.0.0-20210413204606-f056ff8d98e9 h1:fsQFcg8zt8pWTqltAM1G9fhCJwXAzQcOOHzFDJY47FE=
github.com/bdeleonardis1/eventtest v0.0.0-20210413204606-f056ff8d98e9/go.mod h1:rmuDazGuLyYPmVFosV9D9NBpbsw7fuIQQX6ZcNFuWnQ=
github.com/bdeleonardis1/eventtest v0.0.0-20210414164356-c80de2b7c2ce h1:+gZNRlyfZdH/m3NdAe0bhSyIUlG1mpDCGMAdZxZd+rw=
github.com/bdeleonardis1/eventtest v0.0.0-20210414164356-c80de2b7c2ce/go.mod h1:rmuDazGuLyYPmVFosV9D9NBpbsw7fuIQQX6ZcNFuWnQ=
